
Microsoft Visual Studio Solution File, Format Version 12.00
# Visual Studio Version 16
VisualStudioVersion = 16.0.29020.237
MinimumVisualStudioVersion = 10.0.40219.1
Project("{9A19103F-16F7-4668-BE54-9A1E7A4F7556}") = "Market.Watchdog", "MarketWatchdog\Market.Watchdog.csproj", "{F21C99D1-55D3-4F24-A76D-A899D5F070F1}"
EndProject
Project("{FAE04EC0-301F-11D3-BF4B-00C04F79EFBC}") = "Moex.Api", "Moex.Api\Moex.Api.csproj", "{6BFC2C68-C115-4A75-82C9-9899E77B4DAF}"
EndProject
Project("{FAE04EC0-301F-11D3-BF4B-00C04F79EFBC}") = "Moex.Api.Contracts", "Moex.Api.Contracts\Moex.Api.Contracts.csproj", "{D6C4CE9A-E2C7-4E80-8516-CCD915F60BA2}"
EndProject
Project("{FAE04EC0-301F-11D3-BF4B-00C04F79EFBC}") = "Market.Common", "Common\Market.Common.csproj", "{5D9697BB-A086-45AE-9C22-02D784DAE36D}"
EndProject
Global
	GlobalSection(SolutionConfigurationPlatforms) = preSolution
		Debug|Any CPU = Debug|Any CPU
		Release|Any CPU = Release|Any CPU
	EndGlobalSection
	GlobalSection(ProjectConfigurationPlatforms) = postSolution
		{F21C99D1-55D3-4F24-A76D-A899D5F070F1}.Debug|Any CPU.ActiveCfg = Debug|Any CPU
		{F21C99D1-55D3-4F24-A76D-A899D5F070F1}.Debug|Any CPU.Build.0 = Debug|Any CPU
		{F21C99D1-55D3-4F24-A76D-A899D5F070F1}.Release|Any CPU.ActiveCfg = Release|Any CPU
		{F21C99D1-55D3-4F24-A76D-A899D5F070F1}.Release|Any CPU.Build.0 = Release|Any CPU
		{6BFC2C68-C115-4A75-82C9-9899E77B4DAF}.Debug|Any CPU.ActiveCfg = Debug|Any CPU
		{6BFC2C68-C115-4A75-82C9-9899E77B4DAF}.Debug|Any CPU.Build.0 = Debug|Any CPU
		{6BFC2C68-C115-4A75-82C9-9899E77B4DAF}.Release|Any CPU.ActiveCfg = Release|Any CPU
		{6BFC2C68-C115-4A75-82C9-9899E77B4DAF}.Release|Any CPU.Build.0 = Release|Any CPU
		{D6C4CE9A-E2C7-4E80-8516-CCD915F60BA2}.Debug|Any CPU.ActiveCfg = Debug|Any CPU
		{D6C4CE9A-E2C7-4E80-8516-CCD915F60BA2}.Debug|Any CPU.Build.0 = Debug|Any CPU
		{D6C4CE9A-E2C7-4E80-8516-CCD915F60BA2}.Release|Any CPU.ActiveCfg = Release|Any CPU
		{D6C4CE9A-E2C7-4E80-8516-CCD915F60BA2}.Release|Any CPU.Build.0 = Release|Any CPU
		{5D9697BB-A086-45AE-9C22-02D784DAE36D}.Debug|Any CPU.ActiveCfg = Debug|Any CPU
		{5D9697BB-A086-45AE-9C22-02D784DAE36D}.Debug|Any CPU.Build.0 = Debug|Any CPU
		{5D9697BB-A086-45AE-9C22-02D784DAE36D}.Release|Any CPU.ActiveCfg = Release|Any CPU
		{5D9697BB-A086-45AE-9C22-02D784DAE36D}.Release|Any CPU.Build.0 = Release|Any CPU
	EndGlobalSection
	GlobalSection(SolutionProperties) = preSolution
		HideSolutionNode = FALSE
	EndGlobalSection
	GlobalSection(ExtensibilityGlobals) = postSolution
		SolutionGuid = {5ADBEB91-4EC5-4ABD-9A7A-2DAFE3286206}
	EndGlobalSection
EndGlobal
